# This file is automatically @generated by Cargo.
# It is not intended for manual editing.
version = 3

[[package]]
name = "closure_trait_function"
version = "0.1.0"

[[package]]
name = "dyn_trait_with_box"
version = "0.1.0"

[[package]]
name = "fat_or_not"
version = "0.1.0"

[[package]]
name = "gen_static_and_dyn"
version = "0.1.0"

[[package]]
name = "life"
version = "0.1.0"

[[package]]
name = "read_and_write"
version = "0.1.0"

[[package]]
name = "rust-mid"
version = "0.1.0"
